
Microsoft Visual Studio Solution File, Format Version 12.00
# Visual Studio Version 16
VisualStudioVersion = 25.0.1700.0
MinimumVisualStudioVersion = 10.0.40219.1
Project("{FAE04EC0-301F-11D3-BF4B-00C04F79EFBC}") = "DiscMsg", "DiscMsg\DiscMsg.csproj", "{3DB25885-93FB-4F31-8FEF-C316A99AA59E}"
EndProject
Global
	GlobalSection(SolutionConfigurationPlatforms) = preSolution
		Debug|Any CPU = Debug|Any CPU
		Release|Any CPU = Release|Any CPU
	EndGlobalSection
	GlobalSection(ProjectConfigurationPlatforms) = postSolution
		{3DB25885-93FB-4F31-8FEF-C316A99AA59E}.Debug|Any CPU.ActiveCfg = Debug|Any CPU
		{3DB25885-93FB-4F31-8FEF-C316A99AA59E}.Debug|Any CPU.Build.0 = Debug|Any CPU
		{3DB25885-93FB-4F31-8FEF-C316A99AA59E}.Release|Any CPU.ActiveCfg = Release|Any CPU
		{3DB25885-93FB-4F31-8FEF-C316A99AA59E}.Release|Any CPU.Build.0 = Release|Any CPU
	EndGlobalSection
	GlobalSection(SolutionProperties) = preSolution
		HideSolutionNode = FALSE
	EndGlobalSection
	GlobalSection(ExtensibilityGlobals) = postSolution
		SolutionGuid = {0B04FD0D-944B-4609-B1CB-B7FAA0252980}
	EndGlobalSection
EndGlobal
